
Microsoft Visual Studio Solution File, Format Version 12.00
# Visual Studio Version 16
VisualStudioVersion = 16.0.31105.61
MinimumVisualStudioVersion = 10.0.40219.1
Project("{FAE04EC0-301F-11D3-BF4B-00C04F79EFBC}") = "feladatok12_01", "feladatok12_01\feladatok12_01.csproj", "{0481BB5C-C41F-4C12-8AC8-48264DD07E80}"
EndProject
Project("{2150E333-8FDC-42A3-9474-1A3956D46DE8}") = "Specification", "Specification", "{AB50535C-3D8A-42DA-A8EA-200895FD1C58}"
	ProjectSection(SolutionItems) = preProject
		C:\Users\juhas\Desktop\FELADATOK\PROG_ALAP\feladatok12.pdf = C:\Users\juhas\Desktop\FELADATOK\PROG_ALAP\feladatok12.pdf
	EndProjectSection
EndProject
Project("{FAE04EC0-301F-11D3-BF4B-00C04F79EFBC}") = "feladatok12_02", "feladatok12_02\feladatok12_02.csproj", "{B4ED06EC-9E3C-4E06-A6D1-F3436604B7FB}"
EndProject
Project("{FAE04EC0-301F-11D3-BF4B-00C04F79EFBC}") = "feladatok12_03", "feladatok12_03\feladatok12_03.csproj", "{5FE46460-E667-42DA-B7D0-FBBB3EBA5C12}"
EndProject
Global
	GlobalSection(SolutionConfigurationPlatforms) = preSolution
		Debug|Any CPU = Debug|Any CPU
		Release|Any CPU = Release|Any CPU
	EndGlobalSection
	GlobalSection(ProjectConfigurationPlatforms) = postSolution
		{0481BB5C-C41F-4C12-8AC8-48264DD07E80}.Debug|Any CPU.ActiveCfg = Debug|Any CPU
		{0481BB5C-C41F-4C12-8AC8-48264DD07E80}.Debug|Any CPU.Build.0 = Debug|Any CPU
		{0481BB5C-C41F-4C12-8AC8-48264DD07E80}.Release|Any CPU.ActiveCfg = Release|Any CPU
		{0481BB5C-C41F-4C12-8AC8-48264DD07E80}.Release|Any CPU.Build.0 = Release|Any CPU
		{B4ED06EC-9E3C-4E06-A6D1-F3436604B7FB}.Debug|Any CPU.ActiveCfg = Debug|Any CPU
		{B4ED06EC-9E3C-4E06-A6D1-F3436604B7FB}.Debug|Any CPU.Build.0 = Debug|Any CPU
		{B4ED06EC-9E3C-4E06-A6D1-F3436604B7FB}.Release|Any CPU.ActiveCfg = Release|Any CPU
		{B4ED06EC-9E3C-4E06-A6D1-F3436604B7FB}.Release|Any CPU.Build.0 = Release|Any CPU
		{5FE46460-E667-42DA-B7D0-FBBB3EBA5C12}.Debug|Any CPU.ActiveCfg = Debug|Any CPU
		{5FE46460-E667-42DA-B7D0-FBBB3EBA5C12}.Debug|Any CPU.Build.0 = Debug|Any CPU
		{5FE46460-E667-42DA-B7D0-FBBB3EBA5C12}.Release|Any CPU.ActiveCfg = Release|Any CPU
		{5FE46460-E667-42DA-B7D0-FBBB3EBA5C12}.Release|Any CPU.Build.0 = Release|Any CPU
	EndGlobalSection
	GlobalSection(SolutionProperties) = preSolution
		HideSolutionNode = FALSE
	EndGlobalSection
	GlobalSection(ExtensibilityGlobals) = postSolution
		SolutionGuid = {57CEB442-8598-4338-92C2-187318F4C4B0}
	EndGlobalSection
EndGlobal
